
Microsoft Visual Studio Solution File, Format Version 12.00
# Visual Studio Version 17
VisualStudioVersion = 17.5.33530.505
MinimumVisualStudioVersion = 10.0.40219.1
Project("{FAE04EC0-301F-11D3-BF4B-00C04F79EFBC}") = "dz7", "dz7\dz7.csproj", "{1C4474FE-BEFC-4944-9326-6C88A3D8BAC4}"
EndProject
Global
	GlobalSection(SolutionConfigurationPlatforms) = preSolution
		Debug|Any CPU = Debug|Any CPU
		Release|Any CPU = Release|Any CPU
	EndGlobalSection
	GlobalSection(ProjectConfigurationPlatforms) = postSolution
		{1C4474FE-BEFC-4944-9326-6C88A3D8BAC4}.Debug|Any CPU.ActiveCfg = Debug|Any CPU
		{1C4474FE-BEFC-4944-9326-6C88A3D8BAC4}.Debug|Any CPU.Build.0 = Debug|Any CPU
		{1C4474FE-BEFC-4944-9326-6C88A3D8BAC4}.Release|Any CPU.ActiveCfg = Release|Any CPU
		{1C4474FE-BEFC-4944-9326-6C88A3D8BAC4}.Release|Any CPU.Build.0 = Release|Any CPU
	EndGlobalSection
	GlobalSection(SolutionProperties) = preSolution
		HideSolutionNode = FALSE
	EndGlobalSection
	GlobalSection(ExtensibilityGlobals) = postSolution
		SolutionGuid = {93EA8BAC-77E1-4BBC-AA19-ABD35299EA23}
	EndGlobalSection
EndGlobal
